// !$*UTF8*$!
{
	archiveVersion = 1;
	classes = {
	};
	objectVersion = 56;
	objects = {

/* Begin PBXBuildFile section */
		3531B0BA2BD4EE14003FFBB4 /* App.swift in Sources */ = {isa = PBXBuildFile; fileRef = 3531B0B92BD4EE14003FFBB4 /* App.swift */; };
		3531B0BC2BD4EE14003FFBB4 /* ContentView.swift in Sources */ = {isa = PBXBuildFile; fileRef = 3531B0BB2BD4EE14003FFBB4 /* ContentView.swift */; };
		3531B0BE2BD4EE16003FFBB4 /* Assets.xcassets in Resources */ = {isa = PBXBuildFile; fileRef = 3531B0BD2BD4EE16003FFBB4 /* Assets.xcassets */; };
		3531B0C12BD4EE16003FFBB4 /* Preview Assets.xcassets in Resources */ = {isa = PBXBuildFile; fileRef = 3531B0C02BD4EE16003FFBB4 /* Preview Assets.xcassets */; };
		3531B0CB2BD4EE4B003FFBB4 /* Gatt.swift in Sources */ = {isa = PBXBuildFile; fileRef = 3531B0CA2BD4EE4B003FFBB4 /* Gatt.swift */; };
		3531B0CD2BD4EEB7003FFBB4 /* CentralController.swift in Sources */ = {isa = PBXBuildFile; fileRef = 3531B0CC2BD4EEB7003FFBB4 /* CentralController.swift */; };
		3531B0D02BD4EFE0003FFBB4 /* ScanView.swift in Sources */ = {isa = PBXBuildFile; fileRef = 3531B0CF2BD4EFE0003FFBB4 /* ScanView.swift */; };
		3531B0D22BD4F91C003FFBB4 /* CarController.swift in Sources */ = {isa = PBXBuildFile; fileRef = 3531B0D12BD4F91C003FFBB4 /* CarController.swift */; };
		3531B0D42BD4F929003FFBB4 /* ControllerView.swift in Sources */ = {isa = PBXBuildFile; fileRef = 3531B0D32BD4F929003FFBB4 /* ControllerView.swift */; };
		3531B0D62BD86F45003FFBB4 /* PortInformationFormatSetup.swift in Sources */ = {isa = PBXBuildFile; fileRef = 3531B0D52BD86F45003FFBB4 /* PortInformationFormatSetup.swift */; };
		3531B0D92BD86F99003FFBB4 /* BytesReader.swift in Sources */ = {isa = PBXBuildFile; fileRef = 3531B0D82BD86F99003FFBB4 /* BytesReader.swift */; };
		3531B0E02BD86FA3003FFBB4 /* Message.swift in Sources */ = {isa = PBXBuildFile; fileRef = 3531B0DB2BD86FA2003FFBB4 /* Message.swift */; };
		3531B0E12BD86FA3003FFBB4 /* PortOutputCommand.swift in Sources */ = {isa = PBXBuildFile; fileRef = 3531B0DC2BD86FA2003FFBB4 /* PortOutputCommand.swift */; };
		3531B0E22BD86FA3003FFBB4 /* PortInformationMessage.swift in Sources */ = {isa = PBXBuildFile; fileRef = 3531B0DD2BD86FA2003FFBB4 /* PortInformationMessage.swift */; };
		3531B0E32BD86FA3003FFBB4 /* Port.swift in Sources */ = {isa = PBXBuildFile; fileRef = 3531B0DE2BD86FA3003FFBB4 /* Port.swift */; };
		3531B0E42BD86FA3003FFBB4 /* Encoder.swift in Sources */ = {isa = PBXBuildFile; fileRef = 3531B0DF2BD86FA3003FFBB4 /* Encoder.swift */; };
		3531B0E62BD87059003FFBB4 /* BytesWriter.swift in Sources */ = {isa = PBXBuildFile; fileRef = 3531B0E52BD87059003FFBB4 /* BytesWriter.swift */; };
		3531B0E82BD93DF2003FFBB4 /* test.txt in Resources */ = {isa = PBXBuildFile; fileRef = 3531B0E72BD93DF2003FFBB4 /* test.txt */; };
		3531B0EA2BD9413C003FFBB4 /* MotorPower.swift in Sources */ = {isa = PBXBuildFile; fileRef = 3531B0E92BD9413C003FFBB4 /* MotorPower.swift */; };
		3531B0EC2BDA8763003FFBB4 /* Decoder.swift in Sources */ = {isa = PBXBuildFile; fileRef = 3531B0EB2BDA8763003FFBB4 /* Decoder.swift */; };
		3531B0EE2BDA8817003FFBB4 /* HubPropertyMessage.swift in Sources */ = {isa = PBXBuildFile; fileRef = 3531B0ED2BDA8817003FFBB4 /* HubPropertyMessage.swift */; };
		3531B0F02BDA88F0003FFBB4 /* HubAttachedIO.swift in Sources */ = {isa = PBXBuildFile; fileRef = 3531B0EF2BDA88F0003FFBB4 /* HubAttachedIO.swift */; };
		353F13822BDE59D600D4847C /* PortInputFormatSingle.swift in Sources */ = {isa = PBXBuildFile; fileRef = 353F13812BDE59D600D4847C /* PortInputFormatSingle.swift */; };
		353F13842BDE5A8900D4847C /* PortValueSingle.swift in Sources */ = {isa = PBXBuildFile; fileRef = 353F13832BDE5A8900D4847C /* PortValueSingle.swift */; };
		3548481B2BDEC1B200AFF857 /* SensorMode.swift in Sources */ = {isa = PBXBuildFile; fileRef = 3548481A2BDEC1B200AFF857 /* SensorMode.swift */; };
		3548481D2BDED28500AFF857 /* MotorAngle.swift in Sources */ = {isa = PBXBuildFile; fileRef = 3548481C2BDED28500AFF857 /* MotorAngle.swift */; };
		3548481F2BDED74600AFF857 /* MathUtil.swift in Sources */ = {isa = PBXBuildFile; fileRef = 3548481E2BDED74600AFF857 /* MathUtil.swift */; };
		354848212BDED81400AFF857 /* EndState.swift in Sources */ = {isa = PBXBuildFile; fileRef = 354848202BDED81400AFF857 /* EndState.swift */; };
		354848232BDEDE9500AFF857 /* PortOutputCommandFeedback.swift in Sources */ = {isa = PBXBuildFile; fileRef = 354848222BDEDE9500AFF857 /* PortOutputCommandFeedback.swift */; };
		359BFEE22BDB239C0000C836 /* HubActionMessage.swift in Sources */ = {isa = PBXBuildFile; fileRef = 359BFEE12BDB239C0000C836 /* HubActionMessage.swift */; };
/* End PBXBuildFile section */

/* Begin PBXFileReference section */
		3531B0B62BD4EE14003FFBB4 /* lego_sample.app */ = {isa = PBXFileReference; explicitFileType = wrapper.application; includeInIndex = 0; path = lego_sample.app; sourceTree = BUILT_PRODUCTS_DIR; };
		3531B0B92BD4EE14003FFBB4 /* App.swift */ = {isa = PBXFileReference; lastKnownFileType = sourcecode.swift; path = App.swift; sourceTree = "<group>"; };
		3531B0BB2BD4EE14003FFBB4 /* ContentView.swift */ = {isa = PBXFileReference; lastKnownFileType = sourcecode.swift; path = ContentView.swift; sourceTree = "<group>"; };
		3531B0BD2BD4EE16003FFBB4 /* Assets.xcassets */ = {isa = PBXFileReference; lastKnownFileType = folder.assetcatalog; path = Assets.xcassets; sourceTree = "<group>"; };
		3531B0C02BD4EE16003FFBB4 /* Preview Assets.xcassets */ = {isa = PBXFileReference; lastKnownFileType = folder.assetcatalog; path = "Preview Assets.xcassets"; sourceTree = "<group>"; };
		3531B0CA2BD4EE4B003FFBB4 /* Gatt.swift */ = {isa = PBXFileReference; lastKnownFileType = sourcecode.swift; path = Gatt.swift; sourceTree = "<group>"; };
		3531B0CC2BD4EEB7003FFBB4 /* CentralController.swift */ = {isa = PBXFileReference; lastKnownFileType = sourcecode.swift; path = CentralController.swift; sourceTree = "<group>"; };
		3531B0CF2BD4EFE0003FFBB4 /* ScanView.swift */ = {isa = PBXFileReference; lastKnownFileType = sourcecode.swift; path = ScanView.swift; sourceTree = "<group>"; };
		3531B0D12BD4F91C003FFBB4 /* CarController.swift */ = {isa = PBXFileReference; lastKnownFileType = sourcecode.swift; path = CarController.swift; sourceTree = "<group>"; };
		3531B0D32BD4F929003FFBB4 /* ControllerView.swift */ = {isa = PBXFileReference; lastKnownFileType = sourcecode.swift; path = ControllerView.swift; sourceTree = "<group>"; };
		3531B0D52BD86F45003FFBB4 /* PortInformationFormatSetup.swift */ = {isa = PBXFileReference; lastKnownFileType = sourcecode.swift; path = PortInformationFormatSetup.swift; sourceTree = "<group>"; };
		3531B0D82BD86F99003FFBB4 /* BytesReader.swift */ = {isa = PBXFileReference; fileEncoding = 4; lastKnownFileType = sourcecode.swift; path = BytesReader.swift; sourceTree = "<group>"; };
		3531B0DB2BD86FA2003FFBB4 /* Message.swift */ = {isa = PBXFileReference; fileEncoding = 4; lastKnownFileType = sourcecode.swift; path = Message.swift; sourceTree = "<group>"; };
		3531B0DC2BD86FA2003FFBB4 /* PortOutputCommand.swift */ = {isa = PBXFileReference; fileEncoding = 4; lastKnownFileType = sourcecode.swift; path = PortOutputCommand.swift; sourceTree = "<group>"; };
		3531B0DD2BD86FA2003FFBB4 /* PortInformationMessage.swift */ = {isa = PBXFileReference; fileEncoding = 4; lastKnownFileType = sourcecode.swift; path = PortInformationMessage.swift; sourceTree = "<group>"; };
		3531B0DE2BD86FA3003FFBB4 /* Port.swift */ = {isa = PBXFileReference; fileEncoding = 4; lastKnownFileType = sourcecode.swift; path = Port.swift; sourceTree = "<group>"; };
		3531B0DF2BD86FA3003FFBB4 /* Encoder.swift */ = {isa = PBXFileReference; fileEncoding = 4; lastKnownFileType = sourcecode.swift; path = Encoder.swift; sourceTree = "<group>"; };
		3531B0E52BD87059003FFBB4 /* BytesWriter.swift */ = {isa = PBXFileReference; lastKnownFileType = sourcecode.swift; path = BytesWriter.swift; sourceTree = "<group>"; };
		3531B0E72BD93DF2003FFBB4 /* test.txt */ = {isa = PBXFileReference; lastKnownFileType = text; path = test.txt; sourceTree = "<group>"; };
		3531B0E92BD9413C003FFBB4 /* MotorPower.swift */ = {isa = PBXFileReference; lastKnownFileType = sourcecode.swift; path = MotorPower.swift; sourceTree = "<group>"; };
		3531B0EB2BDA8763003FFBB4 /* Decoder.swift */ = {isa = PBXFileReference; lastKnownFileType = sourcecode.swift; path = Decoder.swift; sourceTree = "<group>"; };
		3531B0ED2BDA8817003FFBB4 /* HubPropertyMessage.swift */ = {isa = PBXFileReference; lastKnownFileType = sourcecode.swift; path = HubPropertyMessage.swift; sourceTree = "<group>"; };
		3531B0EF2BDA88F0003FFBB4 /* HubAttachedIO.swift */ = {isa = PBXFileReference; lastKnownFileType = sourcecode.swift; path = HubAttachedIO.swift; sourceTree = "<group>"; };
		353F13812BDE59D600D4847C /* PortInputFormatSingle.swift */ = {isa = PBXFileReference; lastKnownFileType = sourcecode.swift; path = PortInputFormatSingle.swift; sourceTree = "<group>"; };
		353F13832BDE5A8900D4847C /* PortValueSingle.swift */ = {isa = PBXFileReference; lastKnownFileType = sourcecode.swift; path = PortValueSingle.swift; sourceTree = "<group>"; };
		3548481A2BDEC1B200AFF857 /* SensorMode.swift */ = {isa = PBXFileReference; lastKnownFileType = sourcecode.swift; path = SensorMode.swift; sourceTree = "<group>"; };
		3548481C2BDED28500AFF857 /* MotorAngle.swift */ = {isa = PBXFileReference; lastKnownFileType = sourcecode.swift; path = MotorAngle.swift; sourceTree = "<group>"; };
		3548481E2BDED74600AFF857 /* MathUtil.swift */ = {isa = PBXFileReference; lastKnownFileType = sourcecode.swift; path = MathUtil.swift; sourceTree = "<group>"; };
		354848202BDED81400AFF857 /* EndState.swift */ = {isa = PBXFileReference; lastKnownFileType = sourcecode.swift; path = EndState.swift; sourceTree = "<group>"; };
		354848222BDEDE9500AFF857 /* PortOutputCommandFeedback.swift */ = {isa = PBXFileReference; lastKnownFileType = sourcecode.swift; path = PortOutputCommandFeedback.swift; sourceTree = "<group>"; };
		359BFEE12BDB239C0000C836 /* HubActionMessage.swift */ = {isa = PBXFileReference; lastKnownFileType = sourcecode.swift; path = HubActionMessage.swift; sourceTree = "<group>"; };
/* End PBXFileReference section */

/* Begin PBXFrameworksBuildPhase section */
		3531B0B32BD4EE14003FFBB4 /* Frameworks */ = {
			isa = PBXFrameworksBuildPhase;
			buildActionMask = 2147483647;
			files = (
			);
			runOnlyForDeploymentPostprocessing = 0;
		};
/* End PBXFrameworksBuildPhase section */

/* Begin PBXGroup section */
		3531B0AD2BD4EE14003FFBB4 = {
			isa = PBXGroup;
			children = (
				3531B0B82BD4EE14003FFBB4 /* lego_sample */,
				3531B0B72BD4EE14003FFBB4 /* Products */,
			);
			sourceTree = "<group>";
		};
		3531B0B72BD4EE14003FFBB4 /* Products */ = {
			isa = PBXGroup;
			children = (
				3531B0B62BD4EE14003FFBB4 /* lego_sample.app */,
			);
			name = Products;
			sourceTree = "<group>";
		};
		3531B0B82BD4EE14003FFBB4 /* lego_sample */ = {
			isa = PBXGroup;
			children = (
				3531B0C72BD4EE26003FFBB4 /* Sources */,
				3531B0BD2BD4EE16003FFBB4 /* Assets.xcassets */,
				3531B0BF2BD4EE16003FFBB4 /* Preview Content */,
				3531B0E72BD93DF2003FFBB4 /* test.txt */,
			);
			path = lego_sample;
			sourceTree = "<group>";
		};
		3531B0BF2BD4EE16003FFBB4 /* Preview Content */ = {
			isa = PBXGroup;
			children = (
				3531B0C02BD4EE16003FFBB4 /* Preview Assets.xcassets */,
			);
			path = "Preview Content";
			sourceTree = "<group>";
		};
		3531B0C72BD4EE26003FFBB4 /* Sources */ = {
			isa = PBXGroup;
			children = (
				3531B0C92BD4EE38003FFBB4 /* Protocols */,
				3531B0C82BD4EE31003FFBB4 /* Services */,
				3531B0CE2BD4EFD5003FFBB4 /* Views */,
				3531B0D72BD86F99003FFBB4 /* Util */,
				3531B0B92BD4EE14003FFBB4 /* App.swift */,
				3531B0BB2BD4EE14003FFBB4 /* ContentView.swift */,
			);
			path = Sources;
			sourceTree = "<group>";
		};
		3531B0C82BD4EE31003FFBB4 /* Services */ = {
			isa = PBXGroup;
			children = (
				3531B0CC2BD4EEB7003FFBB4 /* CentralController.swift */,
				3531B0D12BD4F91C003FFBB4 /* CarController.swift */,
			);
			path = Services;
			sourceTree = "<group>";
		};
		3531B0C92BD4EE38003FFBB4 /* Protocols */ = {
			isa = PBXGroup;
			children = (
				359BFEE02BDB23670000C836 /* Constants */,
				3531B0DA2BD86FA2003FFBB4 /* messages */,
			);
			path = Protocols;
			sourceTree = "<group>";
		};
		3531B0CE2BD4EFD5003FFBB4 /* Views */ = {
			isa = PBXGroup;
			children = (
				3531B0CF2BD4EFE0003FFBB4 /* ScanView.swift */,
				3531B0D32BD4F929003FFBB4 /* ControllerView.swift */,
			);
			path = Views;
			sourceTree = "<group>";
		};
		3531B0D72BD86F99003FFBB4 /* Util */ = {
			isa = PBXGroup;
			children = (
				3531B0D82BD86F99003FFBB4 /* BytesReader.swift */,
				3531B0E52BD87059003FFBB4 /* BytesWriter.swift */,
				3531B0EB2BDA8763003FFBB4 /* Decoder.swift */,
				3531B0DF2BD86FA3003FFBB4 /* Encoder.swift */,
				3548481E2BDED74600AFF857 /* MathUtil.swift */,
			);
			path = Util;
			sourceTree = "<group>";
		};
		3531B0DA2BD86FA2003FFBB4 /* messages */ = {
			isa = PBXGroup;
			children = (
				3531B0DB2BD86FA2003FFBB4 /* Message.swift */,
				3531B0E92BD9413C003FFBB4 /* MotorPower.swift */,
				3548481C2BDED28500AFF857 /* MotorAngle.swift */,
				3531B0D52BD86F45003FFBB4 /* PortInformationFormatSetup.swift */,
				353F13812BDE59D600D4847C /* PortInputFormatSingle.swift */,
				3531B0DD2BD86FA2003FFBB4 /* PortInformationMessage.swift */,
				3531B0DC2BD86FA2003FFBB4 /* PortOutputCommand.swift */,
				354848222BDEDE9500AFF857 /* PortOutputCommandFeedback.swift */,
				353F13832BDE5A8900D4847C /* PortValueSingle.swift */,
				3531B0ED2BDA8817003FFBB4 /* HubPropertyMessage.swift */,
				3531B0EF2BDA88F0003FFBB4 /* HubAttachedIO.swift */,
				359BFEE12BDB239C0000C836 /* HubActionMessage.swift */,
			);
			path = messages;
			sourceTree = "<group>";
		};
		359BFEE02BDB23670000C836 /* Constants */ = {
			isa = PBXGroup;
			children = (
				3531B0CA2BD4EE4B003FFBB4 /* Gatt.swift */,
				3531B0DE2BD86FA3003FFBB4 /* Port.swift */,
				3548481A2BDEC1B200AFF857 /* SensorMode.swift */,
				354848202BDED81400AFF857 /* EndState.swift */,
			);
			path = Constants;
			sourceTree = "<group>";
		};
/* End PBXGroup section */

/* Begin PBXNativeTarget section */
		3531B0B52BD4EE14003FFBB4 /* lego_sample */ = {
			isa = PBXNativeTarget;
			buildConfigurationList = 3531B0C42BD4EE16003FFBB4 /* Build configuration list for PBXNativeTarget "lego_sample" */;
			buildPhases = (
				3531B0B22BD4EE14003FFBB4 /* Sources */,
				3531B0B32BD4EE14003FFBB4 /* Frameworks */,
				3531B0B42BD4EE14003FFBB4 /* Resources */,
			);
			buildRules = (
			);
			dependencies = (
			);
			name = lego_sample;
			productName = lego_sample;
			productReference = 3531B0B62BD4EE14003FFBB4 /* lego_sample.app */;
			productType = "com.apple.product-type.application";
		};
/* End PBXNativeTarget section */

/* Begin PBXProject section */
		3531B0AE2BD4EE14003FFBB4 /* Project object */ = {
			isa = PBXProject;
			attributes = {
				BuildIndependentTargetsInParallel = 1;
				LastSwiftUpdateCheck = 1520;
				LastUpgradeCheck = 1520;
				TargetAttributes = {
					3531B0B52BD4EE14003FFBB4 = {
						CreatedOnToolsVersion = 15.2;
					};
				};
			};
			buildConfigurationList = 3531B0B12BD4EE14003FFBB4 /* Build configuration list for PBXProject "lego_sample" */;
			compatibilityVersion = "Xcode 14.0";
			developmentRegion = en;
			hasScannedForEncodings = 0;
			knownRegions = (
				en,
				Base,
			);
			mainGroup = 3531B0AD2BD4EE14003FFBB4;
			productRefGroup = 3531B0B72BD4EE14003FFBB4 /* Products */;
			projectDirPath = "";
			projectRoot = "";
			targets = (
				3531B0B52BD4EE14003FFBB4 /* lego_sample */,
			);
		};
/* End PBXProject section */

/* Begin PBXResourcesBuildPhase section */
		3531B0B42BD4EE14003FFBB4 /* Resources */ = {
			isa = PBXResourcesBuildPhase;
			buildActionMask = 2147483647;
			files = (
				3531B0E82BD93DF2003FFBB4 /* test.txt in Resources */,
				3531B0C12BD4EE16003FFBB4 /* Preview Assets.xcassets in Resources */,
				3531B0BE2BD4EE16003FFBB4 /* Assets.xcassets in Resources */,
			);
			runOnlyForDeploymentPostprocessing = 0;
		};
/* End PBXResourcesBuildPhase section */

/* Begin PBXSourcesBuildPhase section */
		3531B0B22BD4EE14003FFBB4 /* Sources */ = {
			isa = PBXSourcesBuildPhase;
			buildActionMask = 2147483647;
			files = (
				3548481B2BDEC1B200AFF857 /* SensorMode.swift in Sources */,
				3531B0F02BDA88F0003FFBB4 /* HubAttachedIO.swift in Sources */,
				3531B0EC2BDA8763003FFBB4 /* Decoder.swift in Sources */,
				3531B0D42BD4F929003FFBB4 /* ControllerView.swift in Sources */,
				3531B0E12BD86FA3003FFBB4 /* PortOutputCommand.swift in Sources */,
				3531B0E42BD86FA3003FFBB4 /* Encoder.swift in Sources */,
				3531B0D62BD86F45003FFBB4 /* PortInformationFormatSetup.swift in Sources */,
				3531B0E32BD86FA3003FFBB4 /* Port.swift in Sources */,
				3531B0E22BD86FA3003FFBB4 /* PortInformationMessage.swift in Sources */,
				354848232BDEDE9500AFF857 /* PortOutputCommandFeedback.swift in Sources */,
				354848212BDED81400AFF857 /* EndState.swift in Sources */,
				3531B0BC2BD4EE14003FFBB4 /* ContentView.swift in Sources */,
				3531B0EE2BDA8817003FFBB4 /* HubPropertyMessage.swift in Sources */,
				3548481D2BDED28500AFF857 /* MotorAngle.swift in Sources */,
				3548481F2BDED74600AFF857 /* MathUtil.swift in Sources */,
				353F13842BDE5A8900D4847C /* PortValueSingle.swift in Sources */,
				3531B0CD2BD4EEB7003FFBB4 /* CentralController.swift in Sources */,
				3531B0D02BD4EFE0003FFBB4 /* ScanView.swift in Sources */,
				3531B0EA2BD9413C003FFBB4 /* MotorPower.swift in Sources */,
				3531B0CB2BD4EE4B003FFBB4 /* Gatt.swift in Sources */,
				3531B0E62BD87059003FFBB4 /* BytesWriter.swift in Sources */,
				3531B0D22BD4F91C003FFBB4 /* CarController.swift in Sources */,
				3531B0E02BD86FA3003FFBB4 /* Message.swift in Sources */,
				353F13822BDE59D600D4847C /* PortInputFormatSingle.swift in Sources */,
				3531B0BA2BD4EE14003FFBB4 /* App.swift in Sources */,
				3531B0D92BD86F99003FFBB4 /* BytesReader.swift in Sources */,
				359BFEE22BDB239C0000C836 /* HubActionMessage.swift in Sources */,
			);
			runOnlyForDeploymentPostprocessing = 0;
		};
/* End PBXSourcesBuildPhase section */

/* Begin XCBuildConfiguration section */
		3531B0C22BD4EE16003FFBB4 /* Debug */ = {
			isa = XCBuildConfiguration;
			buildSettings = {
				ALWAYS_SEARCH_USER_PATHS = NO;
				ASSETCATALOG_COMPILER_GENERATE_SWIFT_ASSET_SYMBOL_EXTENSIONS = YES;
				CLANG_ANALYZER_NONNULL = YES;
				CLANG_ANALYZER_NUMBER_OBJECT_CONVERSION = YES_AGGRESSIVE;
				CLANG_CXX_LANGUAGE_STANDARD = "gnu++20";
				CLANG_ENABLE_MODULES = YES;
				CLANG_ENABLE_OBJC_ARC = YES;
				CLANG_ENABLE_OBJC_WEAK = YES;
				CLANG_WARN_BLOCK_CAPTURE_AUTORELEASING = YES;
				CLANG_WARN_BOOL_CONVERSION = YES;
				CLANG_WARN_COMMA = YES;
				CLANG_WARN_CONSTANT_CONVERSION = YES;
				CLANG_WARN_DEPRECATED_OBJC_IMPLEMENTATIONS = YES;
				CLANG_WARN_DIRECT_OBJC_ISA_USAGE = YES_ERROR;
				CLANG_WARN_DOCUMENTATION_COMMENTS = YES;
				CLANG_WARN_EMPTY_BODY = YES;
				CLANG_WARN_ENUM_CONVERSION = YES;
				CLANG_WARN_INFINITE_RECURSION = YES;
				CLANG_WARN_INT_CONVERSION = YES;
				CLANG_WARN_NON_LITERAL_NULL_CONVERSION = YES;
				CLANG_WARN_OBJC_IMPLICIT_RETAIN_SELF = YES;
				CLANG_WARN_OBJC_LITERAL_CONVERSION = YES;
				CLANG_WARN_OBJC_ROOT_CLASS = YES_ERROR;
				CLANG_WARN_QUOTED_INCLUDE_IN_FRAMEWORK_HEADER = YES;
				CLANG_WARN_RANGE_LOOP_ANALYSIS = YES;
				CLANG_WARN_STRICT_PROTOTYPES = YES;
				CLANG_WARN_SUSPICIOUS_MOVE = YES;
				CLANG_WARN_UNGUARDED_AVAILABILITY = YES_AGGRESSIVE;
				CLANG_WARN_UNREACHABLE_CODE = YES;
				CLANG_WARN__DUPLICATE_METHOD_MATCH = YES;
				COPY_PHASE_STRIP = NO;
				DEBUG_INFORMATION_FORMAT = dwarf;
				ENABLE_STRICT_OBJC_MSGSEND = YES;
				ENABLE_TESTABILITY = YES;
				ENABLE_USER_SCRIPT_SANDBOXING = YES;
				GCC_C_LANGUAGE_STANDARD = gnu17;
				GCC_DYNAMIC_NO_PIC = NO;
				GCC_NO_COMMON_BLOCKS = YES;
				GCC_OPTIMIZATION_LEVEL = 0;
				GCC_PREPROCESSOR_DEFINITIONS = (
					"DEBUG=1",
					"$(inherited)",
				);
				GCC_WARN_64_TO_32_BIT_CONVERSION = YES;
				GCC_WARN_ABOUT_RETURN_TYPE = YES_ERROR;
				GCC_WARN_UNDECLARED_SELECTOR = YES;
				GCC_WARN_UNINITIALIZED_AUTOS = YES_AGGRESSIVE;
				GCC_WARN_UNUSED_FUNCTION = YES;
				GCC_WARN_UNUSED_VARIABLE = YES;
				IPHONEOS_DEPLOYMENT_TARGET = 17.2;
				LOCALIZATION_PREFERS_STRING_CATALOGS = YES;
				MTL_ENABLE_DEBUG_INFO = INCLUDE_SOURCE;
				MTL_FAST_MATH = YES;
				ONLY_ACTIVE_ARCH = YES;
				SDKROOT = iphoneos;
				SWIFT_ACTIVE_COMPILATION_CONDITIONS = "DEBUG $(inherited)";
				SWIFT_OPTIMIZATION_LEVEL = "-Onone";
			};
			name = Debug;
		};
		3531B0C32BD4EE16003FFBB4 /* Release */ = {
			isa = XCBuildConfiguration;
			buildSettings = {
				ALWAYS_SEARCH_USER_PATHS = NO;
				ASSETCATALOG_COMPILER_GENERATE_SWIFT_ASSET_SYMBOL_EXTENSIONS = YES;
				CLANG_ANALYZER_NONNULL = YES;
				CLANG_ANALYZER_NUMBER_OBJECT_CONVERSION = YES_AGGRESSIVE;
				CLANG_CXX_LANGUAGE_STANDARD = "gnu++20";
				CLANG_ENABLE_MODULES = YES;
				CLANG_ENABLE_OBJC_ARC = YES;
				CLANG_ENABLE_OBJC_WEAK = YES;
				CLANG_WARN_BLOCK_CAPTURE_AUTORELEASING = YES;
				CLANG_WARN_BOOL_CONVERSION = YES;
				CLANG_WARN_COMMA = YES;
				CLANG_WARN_CONSTANT_CONVERSION = YES;
				CLANG_WARN_DEPRECATED_OBJC_IMPLEMENTATIONS = YES;
				CLANG_WARN_DIRECT_OBJC_ISA_USAGE = YES_ERROR;
				CLANG_WARN_DOCUMENTATION_COMMENTS = YES;
				CLANG_WARN_EMPTY_BODY = YES;
				CLANG_WARN_ENUM_CONVERSION = YES;
				CLANG_WARN_INFINITE_RECURSION = YES;
				CLANG_WARN_INT_CONVERSION = YES;
				CLANG_WARN_NON_LITERAL_NULL_CONVERSION = YES;
				CLANG_WARN_OBJC_IMPLICIT_RETAIN_SELF = YES;
				CLANG_WARN_OBJC_LITERAL_CONVERSION = YES;
				CLANG_WARN_OBJC_ROOT_CLASS = YES_ERROR;
				CLANG_WARN_QUOTED_INCLUDE_IN_FRAMEWORK_HEADER = YES;
				CLANG_WARN_RANGE_LOOP_ANALYSIS = YES;
				CLANG_WARN_STRICT_PROTOTYPES = YES;
				CLANG_WARN_SUSPICIOUS_MOVE = YES;
				CLANG_WARN_UNGUARDED_AVAILABILITY = YES_AGGRESSIVE;
				CLANG_WARN_UNREACHABLE_CODE = YES;
				CLANG_WARN__DUPLICATE_METHOD_MATCH = YES;
				COPY_PHASE_STRIP = NO;
				DEBUG_INFORMATION_FORMAT = "dwarf-with-dsym";
				ENABLE_NS_ASSERTIONS = NO;
				ENABLE_STRICT_OBJC_MSGSEND = YES;
				ENABLE_USER_SCRIPT_SANDBOXING = YES;
				GCC_C_LANGUAGE_STANDARD = gnu17;
				GCC_NO_COMMON_BLOCKS = YES;
				GCC_WARN_64_TO_32_BIT_CONVERSION = YES;
				GCC_WARN_ABOUT_RETURN_TYPE = YES_ERROR;
				GCC_WARN_UNDECLARED_SELECTOR = YES;
				GCC_WARN_UNINITIALIZED_AUTOS = YES_AGGRESSIVE;
				GCC_WARN_UNUSED_FUNCTION = YES;
				GCC_WARN_UNUSED_VARIABLE = YES;
				IPHONEOS_DEPLOYMENT_TARGET = 17.2;
				LOCALIZATION_PREFERS_STRING_CATALOGS = YES;
				MTL_ENABLE_DEBUG_INFO = NO;
				MTL_FAST_MATH = YES;
				SDKROOT = iphoneos;
				SWIFT_COMPILATION_MODE = wholemodule;
				VALIDATE_PRODUCT = YES;
			};
			name = Release;
		};
		3531B0C52BD4EE16003FFBB4 /* Debug */ = {
			isa = XCBuildConfiguration;
			buildSettings = {
				ASSETCATALOG_COMPILER_APPICON_NAME = AppIcon;
				ASSETCATALOG_COMPILER_GLOBAL_ACCENT_COLOR_NAME = AccentColor;
				CODE_SIGN_STYLE = Automatic;
				CURRENT_PROJECT_VERSION = 1;
				DEVELOPMENT_ASSET_PATHS = "\"lego_sample/Preview Content\"";
				DEVELOPMENT_TEAM = 5JHB3Z4BRX;
				ENABLE_PREVIEWS = YES;
				GENERATE_INFOPLIST_FILE = YES;
				INFOPLIST_KEY_NSBluetoothAlwaysUsageDescription = "To access LEGO";
				INFOPLIST_KEY_NSCameraUsageDescription = "To control LEGO with AR";
				INFOPLIST_KEY_UIApplicationSceneManifest_Generation = YES;
				INFOPLIST_KEY_UIApplicationSupportsIndirectInputEvents = YES;
				INFOPLIST_KEY_UILaunchScreen_Generation = YES;
				INFOPLIST_KEY_UISupportedInterfaceOrientations_iPad = "UIInterfaceOrientationPortrait UIInterfaceOrientationPortraitUpsideDown UIInterfaceOrientationLandscapeLeft UIInterfaceOrientationLandscapeRight";
				INFOPLIST_KEY_UISupportedInterfaceOrientations_iPhone = "UIInterfaceOrientationPortrait UIInterfaceOrientationLandscapeLeft UIInterfaceOrientationLandscapeRight";
				LD_RUNPATH_SEARCH_PATHS = (
					"$(inherited)",
					"@executable_path/Frameworks",
				);
				MARKETING_VERSION = 1.0;
				PRODUCT_BUNDLE_IDENTIFIER = "com.github.naodroid.lego-sample";
				PRODUCT_NAME = "$(TARGET_NAME)";
				SWIFT_EMIT_LOC_STRINGS = YES;
				SWIFT_VERSION = 5.0;
				TARGETED_DEVICE_FAMILY = "1,2";
			};
			name = Debug;
		};
		3531B0C62BD4EE16003FFBB4 /* Release */ = {
			isa = XCBuildConfiguration;
			buildSettings = {
				ASSETCATALOG_COMPILER_APPICON_NAME = AppIcon;
				ASSETCATALOG_COMPILER_GLOBAL_ACCENT_COLOR_NAME = AccentColor;
				CODE_SIGN_STYLE = Automatic;
				CURRENT_PROJECT_VERSION = 1;
				DEVELOPMENT_ASSET_PATHS = "\"lego_sample/Preview Content\"";
				DEVELOPMENT_TEAM = 5JHB3Z4BRX;
				ENABLE_PREVIEWS = YES;
				GENERATE_INFOPLIST_FILE = YES;
				INFOPLIST_KEY_NSBluetoothAlwaysUsageDescription = "To access LEGO";
				INFOPLIST_KEY_NSCameraUsageDescription = "To control LEGO with AR";
				INFOPLIST_KEY_UIApplicationSceneManifest_Generation = YES;
				INFOPLIST_KEY_UIApplicationSupportsIndirectInputEvents = YES;
				INFOPLIST_KEY_UILaunchScreen_Generation = YES;
				INFOPLIST_KEY_UISupportedInterfaceOrientations_iPad = "UIInterfaceOrientationPortrait UIInterfaceOrientationPortraitUpsideDown UIInterfaceOrientationLandscapeLeft UIInterfaceOrientationLandscapeRight";
				INFOPLIST_KEY_UISupportedInterfaceOrientations_iPhone = "UIInterfaceOrientationPortrait UIInterfaceOrientationLandscapeLeft UIInterfaceOrientationLandscapeRight";
				LD_RUNPATH_SEARCH_PATHS = (
					"$(inherited)",
					"@executable_path/Frameworks",
				);
				MARKETING_VERSION = 1.0;
				PRODUCT_BUNDLE_IDENTIFIER = "com.github.naodroid.lego-sample";
				PRODUCT_NAME = "$(TARGET_NAME)";
				SWIFT_EMIT_LOC_STRINGS = YES;
				SWIFT_VERSION = 5.0;
				TARGETED_DEVICE_FAMILY = "1,2";
			};
			name = Release;
		};
/* End XCBuildConfiguration section */

/* Begin XCConfigurationList section */
		3531B0B12BD4EE14003FFBB4 /* Build configuration list for PBXProject "lego_sample" */ = {
			isa = XCConfigurationList;
			buildConfigurations = (
				3531B0C22BD4EE16003FFBB4 /* Debug */,
				3531B0C32BD4EE16003FFBB4 /* Release */,
			);
			defaultConfigurationIsVisible = 0;
			defaultConfigurationName = Release;
		};
		3531B0C42BD4EE16003FFBB4 /* Build configuration list for PBXNativeTarget "lego_sample" */ = {
			isa = XCConfigurationList;
			buildConfigurations = (
				3531B0C52BD4EE16003FFBB4 /* Debug */,
				3531B0C62BD4EE16003FFBB4 /* Release */,
			);
			defaultConfigurationIsVisible = 0;
			defaultConfigurationName = Release;
		};
/* End XCConfigurationList section */
	};
	rootObject = 3531B0AE2BD4EE14003FFBB4 /* Project object */;
}
